
Microsoft Visual Studio Solution File, Format Version 12.00
# Visual Studio Version 16
VisualStudioVersion = 16.0.32228.343
MinimumVisualStudioVersion = 10.0.40219.1
Project("{FAE04EC0-301F-11D3-BF4B-00C04F79EFBC}") = "boxgame", "boxgame\boxgame.csproj", "{4279F3B5-0FF9-498B-ABE0-8447C689DCAC}"
EndProject
Global
	GlobalSection(SolutionConfigurationPlatforms) = preSolution
		Debug|Any CPU = Debug|Any CPU
		Release|Any CPU = Release|Any CPU
	EndGlobalSection
	GlobalSection(ProjectConfigurationPlatforms) = postSolution
		{4279F3B5-0FF9-498B-ABE0-8447C689DCAC}.Debug|Any CPU.ActiveCfg = Debug|Any CPU
		{4279F3B5-0FF9-498B-ABE0-8447C689DCAC}.Debug|Any CPU.Build.0 = Debug|Any CPU
		{4279F3B5-0FF9-498B-ABE0-8447C689DCAC}.Release|Any CPU.ActiveCfg = Release|Any CPU
		{4279F3B5-0FF9-498B-ABE0-8447C689DCAC}.Release|Any CPU.Build.0 = Release|Any CPU
	EndGlobalSection
	GlobalSection(SolutionProperties) = preSolution
		HideSolutionNode = FALSE
	EndGlobalSection
	GlobalSection(ExtensibilityGlobals) = postSolution
		SolutionGuid = {65B486E0-8DBA-4DC1-9420-EF6191E7D9E6}
	EndGlobalSection
EndGlobal
